
Microsoft Visual Studio Solution File, Format Version 12.00
# Visual Studio Version 16
VisualStudioVersion = 16.0.30114.105
MinimumVisualStudioVersion = 10.0.40219.1
Project("{FAE04EC0-301F-11D3-BF4B-00C04F79EFBC}") = "TasksAPI", "TasksAPI\TasksAPI.csproj", "{1AED66A0-E828-405A-BD0C-BE34A90A74D4}"
EndProject
Project("{9A19103F-16F7-4668-BE54-9A1E7A4F7556}") = "Models", "Models\Models.csproj", "{B20B0E95-EDE7-4085-9C23-509615495DE2}"
EndProject
Project("{FAE04EC0-301F-11D3-BF4B-00C04F79EFBC}") = "Repositories", "Repositories\Repositories.csproj", "{CB7060AA-D294-4661-8642-2DFDA131CC4C}"
EndProject
Project("{FAE04EC0-301F-11D3-BF4B-00C04F79EFBC}") = "Datalayer", "Datalayer\Datalayer.csproj", "{9F495FFD-B242-44F4-A2C4-A969F50BFDBA}"
EndProject
Global
	GlobalSection(SolutionConfigurationPlatforms) = preSolution
		Debug|Any CPU = Debug|Any CPU
		Release|Any CPU = Release|Any CPU
	EndGlobalSection
	GlobalSection(ProjectConfigurationPlatforms) = postSolution
		{1AED66A0-E828-405A-BD0C-BE34A90A74D4}.Debug|Any CPU.ActiveCfg = Debug|Any CPU
		{1AED66A0-E828-405A-BD0C-BE34A90A74D4}.Debug|Any CPU.Build.0 = Debug|Any CPU
		{1AED66A0-E828-405A-BD0C-BE34A90A74D4}.Release|Any CPU.ActiveCfg = Release|Any CPU
		{1AED66A0-E828-405A-BD0C-BE34A90A74D4}.Release|Any CPU.Build.0 = Release|Any CPU
		{B20B0E95-EDE7-4085-9C23-509615495DE2}.Debug|Any CPU.ActiveCfg = Debug|Any CPU
		{B20B0E95-EDE7-4085-9C23-509615495DE2}.Debug|Any CPU.Build.0 = Debug|Any CPU
		{B20B0E95-EDE7-4085-9C23-509615495DE2}.Release|Any CPU.ActiveCfg = Release|Any CPU
		{B20B0E95-EDE7-4085-9C23-509615495DE2}.Release|Any CPU.Build.0 = Release|Any CPU
		{CB7060AA-D294-4661-8642-2DFDA131CC4C}.Debug|Any CPU.ActiveCfg = Debug|Any CPU
		{CB7060AA-D294-4661-8642-2DFDA131CC4C}.Debug|Any CPU.Build.0 = Debug|Any CPU
		{CB7060AA-D294-4661-8642-2DFDA131CC4C}.Release|Any CPU.ActiveCfg = Release|Any CPU
		{CB7060AA-D294-4661-8642-2DFDA131CC4C}.Release|Any CPU.Build.0 = Release|Any CPU
		{9F495FFD-B242-44F4-A2C4-A969F50BFDBA}.Debug|Any CPU.ActiveCfg = Debug|Any CPU
		{9F495FFD-B242-44F4-A2C4-A969F50BFDBA}.Debug|Any CPU.Build.0 = Debug|Any CPU
		{9F495FFD-B242-44F4-A2C4-A969F50BFDBA}.Release|Any CPU.ActiveCfg = Release|Any CPU
		{9F495FFD-B242-44F4-A2C4-A969F50BFDBA}.Release|Any CPU.Build.0 = Release|Any CPU
	EndGlobalSection
	GlobalSection(SolutionProperties) = preSolution
		HideSolutionNode = FALSE
	EndGlobalSection
	GlobalSection(ExtensibilityGlobals) = postSolution
		SolutionGuid = {6D9A349E-DD55-4EA8-AC0A-8D69E7E95B06}
	EndGlobalSection
EndGlobal
