
Microsoft Visual Studio Solution File, Format Version 12.00
# Visual Studio Version 16
VisualStudioVersion = 16.0.30114.105
MinimumVisualStudioVersion = 10.0.40219.1
Project("{9A19103F-16F7-4668-BE54-9A1E7A4F7556}") = "TaskManager.Web", "Task.Web\TaskManager.Web.csproj", "{30236ECE-CFB9-4FC5-BC29-78ABE5CA35BD}"
EndProject
Project("{9A19103F-16F7-4668-BE54-9A1E7A4F7556}") = "TaskManager.Core", "Task.Core\TaskManager.Core.csproj", "{3719F6B3-3C17-42F0-A0BF-ACE91CC3C043}"
EndProject
Project("{2150E333-8FDC-42A3-9474-1A3956D46DE8}") = "Data", "Data", "{95692ECC-1853-49CF-A535-06622466C5E9}"
EndProject
Project("{9A19103F-16F7-4668-BE54-9A1E7A4F7556}") = "TaskManager.Data", "Task.Data\TaskManager.Data.csproj", "{C79273EC-30CC-4806-91A7-67855B4F165C}"
EndProject
Project("{9A19103F-16F7-4668-BE54-9A1E7A4F7556}") = "TaskManager.Data.EF", "Task.Data.EF\TaskManager.Data.EF.csproj", "{3D652B93-BEDB-4AE5-A3E1-2FBAABD4311D}"
EndProject
Project("{9A19103F-16F7-4668-BE54-9A1E7A4F7556}") = "Tests", "Tests\Tests.csproj", "{5C4ABED4-E9F2-406E-A4CC-548CB9418D8D}"
EndProject
Project("{2150E333-8FDC-42A3-9474-1A3956D46DE8}") = "Shared", "Shared", "{E490188D-53CC-44E2-9D80-7164D49318B0}"
EndProject
Project("{9A19103F-16F7-4668-BE54-9A1E7A4F7556}") = "Shared.Core", "Shared.Core\Shared.Core.csproj", "{E7583CF9-5DB8-4BDE-BB71-6F1402733DB9}"
EndProject
Project("{9A19103F-16F7-4668-BE54-9A1E7A4F7556}") = "Shared.Web", "Shared.Web\Shared.Web.csproj", "{F2A17C80-5FB6-485D-A1E2-55D89CA79E70}"
EndProject
Global
	GlobalSection(SolutionConfigurationPlatforms) = preSolution
		Debug|Any CPU = Debug|Any CPU
		Debug|x64 = Debug|x64
		Debug|x86 = Debug|x86
		Release|Any CPU = Release|Any CPU
		Release|x64 = Release|x64
		Release|x86 = Release|x86
	EndGlobalSection
	GlobalSection(ProjectConfigurationPlatforms) = postSolution
		{30236ECE-CFB9-4FC5-BC29-78ABE5CA35BD}.Debug|Any CPU.ActiveCfg = Debug|Any CPU
		{30236ECE-CFB9-4FC5-BC29-78ABE5CA35BD}.Debug|Any CPU.Build.0 = Debug|Any CPU
		{30236ECE-CFB9-4FC5-BC29-78ABE5CA35BD}.Debug|x64.ActiveCfg = Debug|Any CPU
		{30236ECE-CFB9-4FC5-BC29-78ABE5CA35BD}.Debug|x64.Build.0 = Debug|Any CPU
		{30236ECE-CFB9-4FC5-BC29-78ABE5CA35BD}.Debug|x86.ActiveCfg = Debug|Any CPU
		{30236ECE-CFB9-4FC5-BC29-78ABE5CA35BD}.Debug|x86.Build.0 = Debug|Any CPU
		{30236ECE-CFB9-4FC5-BC29-78ABE5CA35BD}.Release|Any CPU.ActiveCfg = Release|Any CPU
		{30236ECE-CFB9-4FC5-BC29-78ABE5CA35BD}.Release|Any CPU.Build.0 = Release|Any CPU
		{30236ECE-CFB9-4FC5-BC29-78ABE5CA35BD}.Release|x64.ActiveCfg = Release|Any CPU
		{30236ECE-CFB9-4FC5-BC29-78ABE5CA35BD}.Release|x64.Build.0 = Release|Any CPU
		{30236ECE-CFB9-4FC5-BC29-78ABE5CA35BD}.Release|x86.ActiveCfg = Release|Any CPU
		{30236ECE-CFB9-4FC5-BC29-78ABE5CA35BD}.Release|x86.Build.0 = Release|Any CPU
		{3719F6B3-3C17-42F0-A0BF-ACE91CC3C043}.Debug|Any CPU.ActiveCfg = Debug|Any CPU
		{3719F6B3-3C17-42F0-A0BF-ACE91CC3C043}.Debug|Any CPU.Build.0 = Debug|Any CPU
		{3719F6B3-3C17-42F0-A0BF-ACE91CC3C043}.Debug|x64.ActiveCfg = Debug|Any CPU
		{3719F6B3-3C17-42F0-A0BF-ACE91CC3C043}.Debug|x64.Build.0 = Debug|Any CPU
		{3719F6B3-3C17-42F0-A0BF-ACE91CC3C043}.Debug|x86.ActiveCfg = Debug|Any CPU
		{3719F6B3-3C17-42F0-A0BF-ACE91CC3C043}.Debug|x86.Build.0 = Debug|Any CPU
		{3719F6B3-3C17-42F0-A0BF-ACE91CC3C043}.Release|Any CPU.ActiveCfg = Release|Any CPU
		{3719F6B3-3C17-42F0-A0BF-ACE91CC3C043}.Release|Any CPU.Build.0 = Release|Any CPU
		{3719F6B3-3C17-42F0-A0BF-ACE91CC3C043}.Release|x64.ActiveCfg = Release|Any CPU
		{3719F6B3-3C17-42F0-A0BF-ACE91CC3C043}.Release|x64.Build.0 = Release|Any CPU
		{3719F6B3-3C17-42F0-A0BF-ACE91CC3C043}.Release|x86.ActiveCfg = Release|Any CPU
		{3719F6B3-3C17-42F0-A0BF-ACE91CC3C043}.Release|x86.Build.0 = Release|Any CPU
		{C79273EC-30CC-4806-91A7-67855B4F165C}.Debug|Any CPU.ActiveCfg = Debug|Any CPU
		{C79273EC-30CC-4806-91A7-67855B4F165C}.Debug|Any CPU.Build.0 = Debug|Any CPU
		{C79273EC-30CC-4806-91A7-67855B4F165C}.Debug|x64.ActiveCfg = Debug|Any CPU
		{C79273EC-30CC-4806-91A7-67855B4F165C}.Debug|x64.Build.0 = Debug|Any CPU
		{C79273EC-30CC-4806-91A7-67855B4F165C}.Debug|x86.ActiveCfg = Debug|Any CPU
		{C79273EC-30CC-4806-91A7-67855B4F165C}.Debug|x86.Build.0 = Debug|Any CPU
		{C79273EC-30CC-4806-91A7-67855B4F165C}.Release|Any CPU.ActiveCfg = Release|Any CPU
		{C79273EC-30CC-4806-91A7-67855B4F165C}.Release|Any CPU.Build.0 = Release|Any CPU
		{C79273EC-30CC-4806-91A7-67855B4F165C}.Release|x64.ActiveCfg = Release|Any CPU
		{C79273EC-30CC-4806-91A7-67855B4F165C}.Release|x64.Build.0 = Release|Any CPU
		{C79273EC-30CC-4806-91A7-67855B4F165C}.Release|x86.ActiveCfg = Release|Any CPU
		{C79273EC-30CC-4806-91A7-67855B4F165C}.Release|x86.Build.0 = Release|Any CPU
		{3D652B93-BEDB-4AE5-A3E1-2FBAABD4311D}.Debug|Any CPU.ActiveCfg = Debug|Any CPU
		{3D652B93-BEDB-4AE5-A3E1-2FBAABD4311D}.Debug|Any CPU.Build.0 = Debug|Any CPU
		{3D652B93-BEDB-4AE5-A3E1-2FBAABD4311D}.Debug|x64.ActiveCfg = Debug|Any CPU
		{3D652B93-BEDB-4AE5-A3E1-2FBAABD4311D}.Debug|x64.Build.0 = Debug|Any CPU
		{3D652B93-BEDB-4AE5-A3E1-2FBAABD4311D}.Debug|x86.ActiveCfg = Debug|Any CPU
		{3D652B93-BEDB-4AE5-A3E1-2FBAABD4311D}.Debug|x86.Build.0 = Debug|Any CPU
		{3D652B93-BEDB-4AE5-A3E1-2FBAABD4311D}.Release|Any CPU.ActiveCfg = Release|Any CPU
		{3D652B93-BEDB-4AE5-A3E1-2FBAABD4311D}.Release|Any CPU.Build.0 = Release|Any CPU
		{3D652B93-BEDB-4AE5-A3E1-2FBAABD4311D}.Release|x64.ActiveCfg = Release|Any CPU
		{3D652B93-BEDB-4AE5-A3E1-2FBAABD4311D}.Release|x64.Build.0 = Release|Any CPU
		{3D652B93-BEDB-4AE5-A3E1-2FBAABD4311D}.Release|x86.ActiveCfg = Release|Any CPU
		{3D652B93-BEDB-4AE5-A3E1-2FBAABD4311D}.Release|x86.Build.0 = Release|Any CPU
		{5C4ABED4-E9F2-406E-A4CC-548CB9418D8D}.Debug|Any CPU.ActiveCfg = Debug|Any CPU
		{5C4ABED4-E9F2-406E-A4CC-548CB9418D8D}.Debug|Any CPU.Build.0 = Debug|Any CPU
		{5C4ABED4-E9F2-406E-A4CC-548CB9418D8D}.Debug|x64.ActiveCfg = Debug|Any CPU
		{5C4ABED4-E9F2-406E-A4CC-548CB9418D8D}.Debug|x64.Build.0 = Debug|Any CPU
		{5C4ABED4-E9F2-406E-A4CC-548CB9418D8D}.Debug|x86.ActiveCfg = Debug|Any CPU
		{5C4ABED4-E9F2-406E-A4CC-548CB9418D8D}.Debug|x86.Build.0 = Debug|Any CPU
		{5C4ABED4-E9F2-406E-A4CC-548CB9418D8D}.Release|Any CPU.ActiveCfg = Release|Any CPU
		{5C4ABED4-E9F2-406E-A4CC-548CB9418D8D}.Release|Any CPU.Build.0 = Release|Any CPU
		{5C4ABED4-E9F2-406E-A4CC-548CB9418D8D}.Release|x64.ActiveCfg = Release|Any CPU
		{5C4ABED4-E9F2-406E-A4CC-548CB9418D8D}.Release|x64.Build.0 = Release|Any CPU
		{5C4ABED4-E9F2-406E-A4CC-548CB9418D8D}.Release|x86.ActiveCfg = Release|Any CPU
		{5C4ABED4-E9F2-406E-A4CC-548CB9418D8D}.Release|x86.Build.0 = Release|Any CPU
		{E7583CF9-5DB8-4BDE-BB71-6F1402733DB9}.Debug|Any CPU.ActiveCfg = Debug|Any CPU
		{E7583CF9-5DB8-4BDE-BB71-6F1402733DB9}.Debug|Any CPU.Build.0 = Debug|Any CPU
		{E7583CF9-5DB8-4BDE-BB71-6F1402733DB9}.Debug|x64.ActiveCfg = Debug|Any CPU
		{E7583CF9-5DB8-4BDE-BB71-6F1402733DB9}.Debug|x64.Build.0 = Debug|Any CPU
		{E7583CF9-5DB8-4BDE-BB71-6F1402733DB9}.Debug|x86.ActiveCfg = Debug|Any CPU
		{E7583CF9-5DB8-4BDE-BB71-6F1402733DB9}.Debug|x86.Build.0 = Debug|Any CPU
		{E7583CF9-5DB8-4BDE-BB71-6F1402733DB9}.Release|Any CPU.ActiveCfg = Release|Any CPU
		{E7583CF9-5DB8-4BDE-BB71-6F1402733DB9}.Release|Any CPU.Build.0 = Release|Any CPU
		{E7583CF9-5DB8-4BDE-BB71-6F1402733DB9}.Release|x64.ActiveCfg = Release|Any CPU
		{E7583CF9-5DB8-4BDE-BB71-6F1402733DB9}.Release|x64.Build.0 = Release|Any CPU
		{E7583CF9-5DB8-4BDE-BB71-6F1402733DB9}.Release|x86.ActiveCfg = Release|Any CPU
		{E7583CF9-5DB8-4BDE-BB71-6F1402733DB9}.Release|x86.Build.0 = Release|Any CPU
		{F2A17C80-5FB6-485D-A1E2-55D89CA79E70}.Debug|Any CPU.ActiveCfg = Debug|Any CPU
		{F2A17C80-5FB6-485D-A1E2-55D89CA79E70}.Debug|Any CPU.Build.0 = Debug|Any CPU
		{F2A17C80-5FB6-485D-A1E2-55D89CA79E70}.Debug|x64.ActiveCfg = Debug|Any CPU
		{F2A17C80-5FB6-485D-A1E2-55D89CA79E70}.Debug|x64.Build.0 = Debug|Any CPU
		{F2A17C80-5FB6-485D-A1E2-55D89CA79E70}.Debug|x86.ActiveCfg = Debug|Any CPU
		{F2A17C80-5FB6-485D-A1E2-55D89CA79E70}.Debug|x86.Build.0 = Debug|Any CPU
		{F2A17C80-5FB6-485D-A1E2-55D89CA79E70}.Release|Any CPU.ActiveCfg = Release|Any CPU
		{F2A17C80-5FB6-485D-A1E2-55D89CA79E70}.Release|Any CPU.Build.0 = Release|Any CPU
		{F2A17C80-5FB6-485D-A1E2-55D89CA79E70}.Release|x64.ActiveCfg = Release|Any CPU
		{F2A17C80-5FB6-485D-A1E2-55D89CA79E70}.Release|x64.Build.0 = Release|Any CPU
		{F2A17C80-5FB6-485D-A1E2-55D89CA79E70}.Release|x86.ActiveCfg = Release|Any CPU
		{F2A17C80-5FB6-485D-A1E2-55D89CA79E70}.Release|x86.Build.0 = Release|Any CPU
	EndGlobalSection
	GlobalSection(SolutionProperties) = preSolution
		HideSolutionNode = FALSE
	EndGlobalSection
	GlobalSection(NestedProjects) = preSolution
		{C79273EC-30CC-4806-91A7-67855B4F165C} = {95692ECC-1853-49CF-A535-06622466C5E9}
		{3D652B93-BEDB-4AE5-A3E1-2FBAABD4311D} = {95692ECC-1853-49CF-A535-06622466C5E9}
		{E7583CF9-5DB8-4BDE-BB71-6F1402733DB9} = {E490188D-53CC-44E2-9D80-7164D49318B0}
		{F2A17C80-5FB6-485D-A1E2-55D89CA79E70} = {E490188D-53CC-44E2-9D80-7164D49318B0}
	EndGlobalSection
	GlobalSection(ExtensibilityGlobals) = postSolution
		SolutionGuid = {AE21ACA4-1344-4C39-A7AF-4D0762316BAF}
	EndGlobalSection
EndGlobal
